
Microsoft Visual Studio Solution File, Format Version 12.00
# Visual Studio Version 17
VisualStudioVersion = 17.6.33829.357
MinimumVisualStudioVersion = 10.0.40219.1
Project("{2150E333-8FDC-42A3-9474-1A3956D46DE8}") = "Hardware", "Hardware", "{673F1361-8370-412C-A659-B032D9CCFA68}"
EndProject
Project("{2150E333-8FDC-42A3-9474-1A3956D46DE8}") = "Software", "Software", "{7D698629-8847-4C87-8F57-35DE281FDAB7}"
EndProject
Project("{2150E333-8FDC-42A3-9474-1A3956D46DE8}") = "Presentarion", "Presentarion", "{AD92C580-C66A-461B-953C-5CF6A297B9D0}"
EndProject
Project("{9A19103F-16F7-4668-BE54-9A1E7A4F7556}") = "ScooterRent.Hardware.Server.WPF", "ScooterRent.Hardware.Server.WPF\ScooterRent.Hardware.Server.WPF.csproj", "{07EF0505-3C0E-4308-A388-40F43DFA6FCC}"
EndProject
Project("{2150E333-8FDC-42A3-9474-1A3956D46DE8}") = "Mobile", "Mobile", "{F4CC18C1-3D85-460C-AA49-1279EEC2B48B}"
EndProject
Project("{9A19103F-16F7-4668-BE54-9A1E7A4F7556}") = "ScooterRent.Client.Mobile", "ScooterRent.Client.Mobile\ScooterRent.Client.Mobile\ScooterRent.Client.Mobile.csproj", "{B0D09744-B826-4765-B63E-2D8DB1C256AA}"
EndProject
Project("{FAE04EC0-301F-11D3-BF4B-00C04F79EFBC}") = "ScooterRent.Client.Mobile.Android", "ScooterRent.Client.Mobile\ScooterRent.Client.Mobile.Android\ScooterRent.Client.Mobile.Android.csproj", "{E9283079-EF55-4B5D-A23A-23C4F1207C10}"
EndProject
Project("{9A19103F-16F7-4668-BE54-9A1E7A4F7556}") = "ScooterRent.Hardware.CLL", "ScooterRent.Hardware.PCBController\ScooterRent.Hardware.CLL.csproj", "{B1345774-9E8C-4B7D-8A2D-626A2B545B23}"
EndProject
Project("{9A19103F-16F7-4668-BE54-9A1E7A4F7556}") = "ScooterRent.Hardware.Client.TCP", "ScooterRent.Hardware.TCPClient\ScooterRent.Hardware.Client.TCP.csproj", "{C2C60C50-4D0C-4671-861C-08260D83F685}"
EndProject
Project("{9A19103F-16F7-4668-BE54-9A1E7A4F7556}") = "ScooterRent.Hardware.Server", "ScooterRentApp.Hardware.Server\ScooterRent.Hardware.Server.csproj", "{B0C0E2DF-7A0A-4D12-8C1A-43270809969C}"
EndProject
Project("{9A19103F-16F7-4668-BE54-9A1E7A4F7556}") = "ScooterRent.Hardware.Server.Console", "ScooterRentApp.Hardware.Server.Console\ScooterRent.Hardware.Server.Console.csproj", "{1E160DD2-BA19-436D-839B-22826350A075}"
EndProject
Project("{9A19103F-16F7-4668-BE54-9A1E7A4F7556}") = "ScooterRent.Software.Server", "ScooterRentApp.Software.Server\ScooterRent.Software.Server.csproj", "{CB5050F7-5FC4-4900-8FF7-23409E53F48B}"
EndProject
Project("{2150E333-8FDC-42A3-9474-1A3956D46DE8}") = "WEB", "WEB", "{CFB61069-89AB-43D8-81B4-DBC4F383EDBC}"
EndProject
Project("{54A90642-561A-4BB1-A94E-469ADEE60C69}") = "reactscooters", "ScooterRentApp.Software.WEB.Site\reactscooters\reactscooters.esproj", "{128A40D7-6006-4A2B-BFCD-D37DD61FF32F}"
EndProject
Global
	GlobalSection(SolutionConfigurationPlatforms) = preSolution
		Debug|Any CPU = Debug|Any CPU
		Release|Any CPU = Release|Any CPU
	EndGlobalSection
	GlobalSection(ProjectConfigurationPlatforms) = postSolution
		{07EF0505-3C0E-4308-A388-40F43DFA6FCC}.Debug|Any CPU.ActiveCfg = Debug|Any CPU
		{07EF0505-3C0E-4308-A388-40F43DFA6FCC}.Debug|Any CPU.Build.0 = Debug|Any CPU
		{07EF0505-3C0E-4308-A388-40F43DFA6FCC}.Release|Any CPU.ActiveCfg = Release|Any CPU
		{07EF0505-3C0E-4308-A388-40F43DFA6FCC}.Release|Any CPU.Build.0 = Release|Any CPU
		{B0D09744-B826-4765-B63E-2D8DB1C256AA}.Debug|Any CPU.ActiveCfg = Debug|Any CPU
		{B0D09744-B826-4765-B63E-2D8DB1C256AA}.Debug|Any CPU.Build.0 = Debug|Any CPU
		{B0D09744-B826-4765-B63E-2D8DB1C256AA}.Release|Any CPU.ActiveCfg = Release|Any CPU
		{B0D09744-B826-4765-B63E-2D8DB1C256AA}.Release|Any CPU.Build.0 = Release|Any CPU
		{E9283079-EF55-4B5D-A23A-23C4F1207C10}.Debug|Any CPU.ActiveCfg = Debug|Any CPU
		{E9283079-EF55-4B5D-A23A-23C4F1207C10}.Debug|Any CPU.Build.0 = Debug|Any CPU
		{E9283079-EF55-4B5D-A23A-23C4F1207C10}.Debug|Any CPU.Deploy.0 = Debug|Any CPU
		{E9283079-EF55-4B5D-A23A-23C4F1207C10}.Release|Any CPU.ActiveCfg = Release|Any CPU
		{E9283079-EF55-4B5D-A23A-23C4F1207C10}.Release|Any CPU.Build.0 = Release|Any CPU
		{E9283079-EF55-4B5D-A23A-23C4F1207C10}.Release|Any CPU.Deploy.0 = Release|Any CPU
		{B1345774-9E8C-4B7D-8A2D-626A2B545B23}.Debug|Any CPU.ActiveCfg = Debug|Any CPU
		{B1345774-9E8C-4B7D-8A2D-626A2B545B23}.Debug|Any CPU.Build.0 = Debug|Any CPU
		{B1345774-9E8C-4B7D-8A2D-626A2B545B23}.Release|Any CPU.ActiveCfg = Release|Any CPU
		{B1345774-9E8C-4B7D-8A2D-626A2B545B23}.Release|Any CPU.Build.0 = Release|Any CPU
		{C2C60C50-4D0C-4671-861C-08260D83F685}.Debug|Any CPU.ActiveCfg = Debug|Any CPU
		{C2C60C50-4D0C-4671-861C-08260D83F685}.Debug|Any CPU.Build.0 = Debug|Any CPU
		{C2C60C50-4D0C-4671-861C-08260D83F685}.Release|Any CPU.ActiveCfg = Release|Any CPU
		{C2C60C50-4D0C-4671-861C-08260D83F685}.Release|Any CPU.Build.0 = Release|Any CPU
		{B0C0E2DF-7A0A-4D12-8C1A-43270809969C}.Debug|Any CPU.ActiveCfg = Debug|Any CPU
		{B0C0E2DF-7A0A-4D12-8C1A-43270809969C}.Debug|Any CPU.Build.0 = Debug|Any CPU
		{B0C0E2DF-7A0A-4D12-8C1A-43270809969C}.Release|Any CPU.ActiveCfg = Release|Any CPU
		{B0C0E2DF-7A0A-4D12-8C1A-43270809969C}.Release|Any CPU.Build.0 = Release|Any CPU
		{1E160DD2-BA19-436D-839B-22826350A075}.Debug|Any CPU.ActiveCfg = Debug|Any CPU
		{1E160DD2-BA19-436D-839B-22826350A075}.Debug|Any CPU.Build.0 = Debug|Any CPU
		{1E160DD2-BA19-436D-839B-22826350A075}.Release|Any CPU.ActiveCfg = Release|Any CPU
		{1E160DD2-BA19-436D-839B-22826350A075}.Release|Any CPU.Build.0 = Release|Any CPU
		{CB5050F7-5FC4-4900-8FF7-23409E53F48B}.Debug|Any CPU.ActiveCfg = Debug|Any CPU
		{CB5050F7-5FC4-4900-8FF7-23409E53F48B}.Debug|Any CPU.Build.0 = Debug|Any CPU
		{CB5050F7-5FC4-4900-8FF7-23409E53F48B}.Release|Any CPU.ActiveCfg = Release|Any CPU
		{CB5050F7-5FC4-4900-8FF7-23409E53F48B}.Release|Any CPU.Build.0 = Release|Any CPU
		{128A40D7-6006-4A2B-BFCD-D37DD61FF32F}.Debug|Any CPU.ActiveCfg = Debug|Any CPU
		{128A40D7-6006-4A2B-BFCD-D37DD61FF32F}.Debug|Any CPU.Build.0 = Debug|Any CPU
		{128A40D7-6006-4A2B-BFCD-D37DD61FF32F}.Debug|Any CPU.Deploy.0 = Debug|Any CPU
		{128A40D7-6006-4A2B-BFCD-D37DD61FF32F}.Release|Any CPU.ActiveCfg = Release|Any CPU
		{128A40D7-6006-4A2B-BFCD-D37DD61FF32F}.Release|Any CPU.Build.0 = Release|Any CPU
		{128A40D7-6006-4A2B-BFCD-D37DD61FF32F}.Release|Any CPU.Deploy.0 = Release|Any CPU
	EndGlobalSection
	GlobalSection(SolutionProperties) = preSolution
		HideSolutionNode = FALSE
	EndGlobalSection
	GlobalSection(NestedProjects) = preSolution
		{07EF0505-3C0E-4308-A388-40F43DFA6FCC} = {673F1361-8370-412C-A659-B032D9CCFA68}
		{F4CC18C1-3D85-460C-AA49-1279EEC2B48B} = {AD92C580-C66A-461B-953C-5CF6A297B9D0}
		{B0D09744-B826-4765-B63E-2D8DB1C256AA} = {F4CC18C1-3D85-460C-AA49-1279EEC2B48B}
		{E9283079-EF55-4B5D-A23A-23C4F1207C10} = {F4CC18C1-3D85-460C-AA49-1279EEC2B48B}
		{B1345774-9E8C-4B7D-8A2D-626A2B545B23} = {673F1361-8370-412C-A659-B032D9CCFA68}
		{C2C60C50-4D0C-4671-861C-08260D83F685} = {673F1361-8370-412C-A659-B032D9CCFA68}
		{B0C0E2DF-7A0A-4D12-8C1A-43270809969C} = {673F1361-8370-412C-A659-B032D9CCFA68}
		{1E160DD2-BA19-436D-839B-22826350A075} = {673F1361-8370-412C-A659-B032D9CCFA68}
		{CB5050F7-5FC4-4900-8FF7-23409E53F48B} = {7D698629-8847-4C87-8F57-35DE281FDAB7}
		{CFB61069-89AB-43D8-81B4-DBC4F383EDBC} = {AD92C580-C66A-461B-953C-5CF6A297B9D0}
		{128A40D7-6006-4A2B-BFCD-D37DD61FF32F} = {CFB61069-89AB-43D8-81B4-DBC4F383EDBC}
	EndGlobalSection
	GlobalSection(ExtensibilityGlobals) = postSolution
		SolutionGuid = {30213189-8131-4626-ADC1-B8BCFD5248AA}
	EndGlobalSection
EndGlobal
